{
  "name": "mpcal-calendar-sync",
  "version": "1.0.0",
  "lockfileVersion": 3,
  "requires": true,
  "packages": {
    "": {
      "name": "mpcal-calendar-sync",
      "version": "1.0.0",
      "license": "ISC",
      "dependencies": {
        "add-to-calendar-button": "^2.13.5"
      }
    },
    "node_modules/add-to-calendar-button": {
      "version": "2.13.5",
      "resolved": "https://registry.npmjs.org/add-to-calendar-button/-/add-to-calendar-button-2.13.5.tgz",
      "integrity": "sha512-ZWq+t91ZbFLAkTYyoqcO+mmsD6x9kkqR+LIjzKvn8yNF07B+JVSTD3fVj1+FkVzcqnBzrRpKGD0YxGbjWaq1xQ==",
      "license": "ELv2",
      "dependencies": {
        "timezones-ical-library": "^1.10.0"
      },
      "engines": {
        "node": ">=18.17.0",
        "npm": ">=9.6.7"
      }
    },
    "node_modules/timezones-ical-library": {
      "version": "1.11.1",
      "resolved": "https://registry.npmjs.org/timezones-ical-library/-/timezones-ical-library-1.11.1.tgz",
      "integrity": "sha512-lU+hk/wWNFZjSXmrFok7x89rseuP3L/2z2sr0JEtOCc/p+vXqYIx2Dvc4fbe1Xc7tbgekm0qfzJimHAOH+Diig==",
      "license": "Apache-2.0",
      "engines": {
        "node": ">=18.17.0",
        "npm": ">=9.6.7"
      }
    }
  }
}
